
Microsoft Visual Studio Solution File, Format Version 12.00
# Visual Studio Version 17
VisualStudioVersion = 17.6.33417.168
MinimumVisualStudioVersion = 10.0.40219.1
Project("{9A19103F-16F7-4668-BE54-9A1E7A4F7556}") = "Tests", "Tests\Tests.csproj", "{610CF2F9-AB4E-480E-90ED-916A0683F304}"
EndProject
Project("{9A19103F-16F7-4668-BE54-9A1E7A4F7556}") = "DBLOG", "DBLOG\DBLOG.csproj", "{21CD7321-C3A4-4130-BDFA-8F36F923A89F}"
EndProject
Project("{9A19103F-16F7-4668-BE54-9A1E7A4F7556}") = "MSSQLLogAnalyzer", "MSSQLLogAnalyzer\MSSQLLogAnalyzer.csproj", "{FB578DFC-0127-421E-A553-3D35B13713AB}"
EndProject
Global
	GlobalSection(SolutionConfigurationPlatforms) = preSolution
		Debug|Any CPU = Debug|Any CPU
		Release|Any CPU = Release|Any CPU
	EndGlobalSection
	GlobalSection(ProjectConfigurationPlatforms) = postSolution
		{610CF2F9-AB4E-480E-90ED-916A0683F304}.Debug|Any CPU.ActiveCfg = Debug|Any CPU
		{610CF2F9-AB4E-480E-90ED-916A0683F304}.Debug|Any CPU.Build.0 = Debug|Any CPU
		{610CF2F9-AB4E-480E-90ED-916A0683F304}.Release|Any CPU.ActiveCfg = Release|Any CPU
		{610CF2F9-AB4E-480E-90ED-916A0683F304}.Release|Any CPU.Build.0 = Release|Any CPU
		{21CD7321-C3A4-4130-BDFA-8F36F923A89F}.Debug|Any CPU.ActiveCfg = Debug|Any CPU
		{21CD7321-C3A4-4130-BDFA-8F36F923A89F}.Debug|Any CPU.Build.0 = Debug|Any CPU
		{21CD7321-C3A4-4130-BDFA-8F36F923A89F}.Release|Any CPU.ActiveCfg = Release|Any CPU
		{21CD7321-C3A4-4130-BDFA-8F36F923A89F}.Release|Any CPU.Build.0 = Release|Any CPU
		{FB578DFC-0127-421E-A553-3D35B13713AB}.Debug|Any CPU.ActiveCfg = Debug|Any CPU
		{FB578DFC-0127-421E-A553-3D35B13713AB}.Debug|Any CPU.Build.0 = Debug|Any CPU
		{FB578DFC-0127-421E-A553-3D35B13713AB}.Release|Any CPU.ActiveCfg = Release|Any CPU
		{FB578DFC-0127-421E-A553-3D35B13713AB}.Release|Any CPU.Build.0 = Release|Any CPU
	EndGlobalSection
	GlobalSection(SolutionProperties) = preSolution
		HideSolutionNode = FALSE
	EndGlobalSection
	GlobalSection(ExtensibilityGlobals) = postSolution
		SolutionGuid = {06044BDC-5807-4473-8ABE-9B4186EAB0F8}
	EndGlobalSection
EndGlobal
